
Microsoft Visual Studio Solution File, Format Version 12.00
# Visual Studio Version 17
VisualStudioVersion = 17.0.31903.59
MinimumVisualStudioVersion = 10.0.40219.1
Project("{FAE04EC0-301F-11D3-BF4B-00C04F79EFBC}") = "ToDoReminder", "ToDoReminder.csproj", "{5C1FEC82-22F9-408F-997F-AFF2679DB810}"
EndProject
Global
	GlobalSection(SolutionConfigurationPlatforms) = preSolution
		Debug|Any CPU = Debug|Any CPU
		Release|Any CPU = Release|Any CPU
	EndGlobalSection
	GlobalSection(ProjectConfigurationPlatforms) = postSolution
		{5C1FEC82-22F9-408F-997F-AFF2679DB810}.Debug|Any CPU.ActiveCfg = Debug|Any CPU
		{5C1FEC82-22F9-408F-997F-AFF2679DB810}.Debug|Any CPU.Build.0 = Debug|Any CPU
		{5C1FEC82-22F9-408F-997F-AFF2679DB810}.Release|Any CPU.ActiveCfg = Release|Any CPU
		{5C1FEC82-22F9-408F-997F-AFF2679DB810}.Release|Any CPU.Build.0 = Release|Any CPU
	EndGlobalSection
	GlobalSection(SolutionProperties) = preSolution
		HideSolutionNode = FALSE
	EndGlobalSection
	GlobalSection(ExtensibilityGlobals) = postSolution
		SolutionGuid = {2556BEF9-7BC6-47F1-B86E-1084A4889F72}
	EndGlobalSection
EndGlobal
